// !$*UTF8*$!
{
	archiveVersion = 1;
	classes = {
	};
	objectVersion = 77;
	objects = {

/* Begin PBXContainerItemProxy section */
		90034D9F2D47C4DE000FBB4E /* PBXContainerItemProxy */ = {
			isa = PBXContainerItemProxy;
			containerPortal = 90034D862D47C4DC000FBB4E /* Project object */;
			proxyType = 1;
			remoteGlobalIDString = 90034D8D2D47C4DC000FBB4E;
			remoteInfo = Gonrop;
		};
		90034DA92D47C4DE000FBB4E /* PBXContainerItemProxy */ = {
			isa = PBXContainerItemProxy;
			containerPortal = 90034D862D47C4DC000FBB4E /* Project object */;
			proxyType = 1;
			remoteGlobalIDString = 90034D8D2D47C4DC000FBB4E;
			remoteInfo = Gonrop;
		};
/* End PBXContainerItemProxy section */

/* Begin PBXFileReference section */
		90034D8E2D47C4DC000FBB4E /* Gonrop.app */ = {isa = PBXFileReference; explicitFileType = wrapper.application; includeInIndex = 0; path = Gonrop.app; sourceTree = BUILT_PRODUCTS_DIR; };
		90034D9E2D47C4DE000FBB4E /* GonropTests.xctest */ = {isa = PBXFileReference; explicitFileType = wrapper.cfbundle; includeInIndex = 0; path = GonropTests.xctest; sourceTree = BUILT_PRODUCTS_DIR; };
		90034DA82D47C4DE000FBB4E /* GonropUITests.xctest */ = {isa = PBXFileReference; explicitFileType = wrapper.cfbundle; includeInIndex = 0; path = GonropUITests.xctest; sourceTree = BUILT_PRODUCTS_DIR; };
/* End PBXFileReference section */

/* Begin PBXFileSystemSynchronizedBuildFileExceptionSet section */
		900F85BB2D65215500BDA482 /* Exceptions for "media" folder in "Gonrop" target */ = {
			isa = PBXFileSystemSynchronizedBuildFileExceptionSet;
			membershipExceptions = (
				"798D7B0C-FC16-4B7A-8701-D16C1008C99A.png",
			);
			target = 90034D8D2D47C4DC000FBB4E /* Gonrop */;
		};
/* End PBXFileSystemSynchronizedBuildFileExceptionSet section */

/* Begin PBXFileSystemSynchronizedRootGroup section */
		90034D902D47C4DC000FBB4E /* Gonrop */ = {
			isa = PBXFileSystemSynchronizedRootGroup;
			path = Gonrop;
			sourceTree = "<group>";
		};
		90034DA12D47C4DE000FBB4E /* GonropTests */ = {
			isa = PBXFileSystemSynchronizedRootGroup;
			path = GonropTests;
			sourceTree = "<group>";
		};
		90034DAB2D47C4DE000FBB4E /* GonropUITests */ = {
			isa = PBXFileSystemSynchronizedRootGroup;
			path = GonropUITests;
			sourceTree = "<group>";
		};
		900F85B92D65213A00BDA482 /* media */ = {
			isa = PBXFileSystemSynchronizedRootGroup;
			exceptions = (
				900F85BB2D65215500BDA482 /* Exceptions for "media" folder in "Gonrop" target */,
			);
			path = media;
			sourceTree = "<group>";
		};
/* End PBXFileSystemSynchronizedRootGroup section */

/* Begin PBXFrameworksBuildPhase section */
		90034D8B2D47C4DC000FBB4E /* Frameworks */ = {
			isa = PBXFrameworksBuildPhase;
			buildActionMask = 2147483647;
			files = (
			);
			runOnlyForDeploymentPostprocessing = 0;
		};
		90034D9B2D47C4DE000FBB4E /* Frameworks */ = {
			isa = PBXFrameworksBuildPhase;
			buildActionMask = 2147483647;
			files = (
			);
			runOnlyForDeploymentPostprocessing = 0;
		};
		90034DA52D47C4DE000FBB4E /* Frameworks */ = {
			isa = PBXFrameworksBuildPhase;
			buildActionMask = 2147483647;
			files = (
			);
			runOnlyForDeploymentPostprocessing = 0;
		};
/* End PBXFrameworksBuildPhase section */

/* Begin PBXGroup section */
		90034D852D47C4DC000FBB4E = {
			isa = PBXGroup;
			children = (
				900F85B92D65213A00BDA482 /* media */,
				90034D902D47C4DC000FBB4E /* Gonrop */,
				90034DA12D47C4DE000FBB4E /* GonropTests */,
				90034DAB2D47C4DE000FBB4E /* GonropUITests */,
				90034D8F2D47C4DC000FBB4E /* Products */,
			);
			sourceTree = "<group>";
		};
		90034D8F2D47C4DC000FBB4E /* Products */ = {
			isa = PBXGroup;
			children = (
				90034D8E2D47C4DC000FBB4E /* Gonrop.app */,
				90034D9E2D47C4DE000FBB4E /* GonropTests.xctest */,
				90034DA82D47C4DE000FBB4E /* GonropUITests.xctest */,
			);
			name = Products;
			sourceTree = "<group>";
		};
/* End PBXGroup section */

/* Begin PBXNativeTarget section */
		90034D8D2D47C4DC000FBB4E /* Gonrop */ = {
			isa = PBXNativeTarget;
			buildConfigurationList = 90034DB22D47C4DE000FBB4E /* Build configuration list for PBXNativeTarget "Gonrop" */;
			buildPhases = (
				90034D8A2D47C4DC000FBB4E /* Sources */,
				90034D8B2D47C4DC000FBB4E /* Frameworks */,
				90034D8C2D47C4DC000FBB4E /* Resources */,
			);
			buildRules = (
			);
			dependencies = (
			);
			fileSystemSynchronizedGroups = (
				90034D902D47C4DC000FBB4E /* Gonrop */,
				900F85B92D65213A00BDA482 /* media */,
			);
			name = Gonrop;
			packageProductDependencies = (
			);
			productName = Gonrop;
			productReference = 90034D8E2D47C4DC000FBB4E /* Gonrop.app */;
			productType = "com.apple.product-type.application";
		};
		90034D9D2D47C4DE000FBB4E /* GonropTests */ = {
			isa = PBXNativeTarget;
			buildConfigurationList = 90034DB52D47C4DE000FBB4E /* Build configuration list for PBXNativeTarget "GonropTests" */;
			buildPhases = (
				90034D9A2D47C4DE000FBB4E /* Sources */,
				90034D9B2D47C4DE000FBB4E /* Frameworks */,
				90034D9C2D47C4DE000FBB4E /* Resources */,
			);
			buildRules = (
			);
			dependencies = (
				90034DA02D47C4DE000FBB4E /* PBXTargetDependency */,
			);
			fileSystemSynchronizedGroups = (
				90034DA12D47C4DE000FBB4E /* GonropTests */,
			);
			name = GonropTests;
			packageProductDependencies = (
			);
			productName = GonropTests;
			productReference = 90034D9E2D47C4DE000FBB4E /* GonropTests.xctest */;
			productType = "com.apple.product-type.bundle.unit-test";
		};
		90034DA72D47C4DE000FBB4E /* GonropUITests */ = {
			isa = PBXNativeTarget;
			buildConfigurationList = 90034DB82D47C4DE000FBB4E /* Build configuration list for PBXNativeTarget "GonropUITests" */;
			buildPhases = (
				90034DA42D47C4DE000FBB4E /* Sources */,
				90034DA52D47C4DE000FBB4E /* Frameworks */,
				90034DA62D47C4DE000FBB4E /* Resources */,
			);
			buildRules = (
			);
			dependencies = (
				90034DAA2D47C4DE000FBB4E /* PBXTargetDependency */,
			);
			fileSystemSynchronizedGroups = (
				90034DAB2D47C4DE000FBB4E /* GonropUITests */,
			);
			name = GonropUITests;
			packageProductDependencies = (
			);
			productName = GonropUITests;
			productReference = 90034DA82D47C4DE000FBB4E /* GonropUITests.xctest */;
			productType = "com.apple.product-type.bundle.ui-testing";
		};
/* End PBXNativeTarget section */

/* Begin PBXProject section */
		90034D862D47C4DC000FBB4E /* Project object */ = {
			isa = PBXProject;
			attributes = {
				BuildIndependentTargetsInParallel = 1;
				LastSwiftUpdateCheck = 1620;
				LastUpgradeCheck = 1620;
				TargetAttributes = {
					90034D8D2D47C4DC000FBB4E = {
						CreatedOnToolsVersion = 16.2;
					};
					90034D9D2D47C4DE000FBB4E = {
						CreatedOnToolsVersion = 16.2;
						TestTargetID = 90034D8D2D47C4DC000FBB4E;
					};
					90034DA72D47C4DE000FBB4E = {
						CreatedOnToolsVersion = 16.2;
						TestTargetID = 90034D8D2D47C4DC000FBB4E;
					};
				};
			};
			buildConfigurationList = 90034D892D47C4DC000FBB4E /* Build configuration list for PBXProject "Gonrop" */;
			developmentRegion = en;
			hasScannedForEncodings = 0;
			knownRegions = (
				en,
				Base,
			);
			mainGroup = 90034D852D47C4DC000FBB4E;
			minimizedProjectReferenceProxies = 1;
			preferredProjectObjectVersion = 77;
			productRefGroup = 90034D8F2D47C4DC000FBB4E /* Products */;
			projectDirPath = "";
			projectRoot = "";
			targets = (
				90034D8D2D47C4DC000FBB4E /* Gonrop */,
				90034D9D2D47C4DE000FBB4E /* GonropTests */,
				90034DA72D47C4DE000FBB4E /* GonropUITests */,
			);
		};
/* End PBXProject section */

/* Begin PBXResourcesBuildPhase section */
		90034D8C2D47C4DC000FBB4E /* Resources */ = {
			isa = PBXResourcesBuildPhase;
			buildActionMask = 2147483647;
			files = (
			);
			runOnlyForDeploymentPostprocessing = 0;
		};
		90034D9C2D47C4DE000FBB4E /* Resources */ = {
			isa = PBXResourcesBuildPhase;
			buildActionMask = 2147483647;
			files = (
			);
			runOnlyForDeploymentPostprocessing = 0;
		};
		90034DA62D47C4DE000FBB4E /* Resources */ = {
			isa = PBXResourcesBuildPhase;
			buildActionMask = 2147483647;
			files = (
			);
			runOnlyForDeploymentPostprocessing = 0;
		};
/* End PBXResourcesBuildPhase section */

/* Begin PBXSourcesBuildPhase section */
		90034D8A2D47C4DC000FBB4E /* Sources */ = {
			isa = PBXSourcesBuildPhase;
			buildActionMask = 2147483647;
			files = (
			);
			runOnlyForDeploymentPostprocessing = 0;
		};
		90034D9A2D47C4DE000FBB4E /* Sources */ = {
			isa = PBXSourcesBuildPhase;
			buildActionMask = 2147483647;
			files = (
			);
			runOnlyForDeploymentPostprocessing = 0;
		};
		90034DA42D47C4DE000FBB4E /* Sources */ = {
			isa = PBXSourcesBuildPhase;
			buildActionMask = 2147483647;
			files = (
			);
			runOnlyForDeploymentPostprocessing = 0;
		};
/* End PBXSourcesBuildPhase section */

/* Begin PBXTargetDependency section */
		90034DA02D47C4DE000FBB4E /* PBXTargetDependency */ = {
			isa = PBXTargetDependency;
			target = 90034D8D2D47C4DC000FBB4E /* Gonrop */;
			targetProxy = 90034D9F2D47C4DE000FBB4E /* PBXContainerItemProxy */;
		};
		90034DAA2D47C4DE000FBB4E /* PBXTargetDependency */ = {
			isa = PBXTargetDependency;
			target = 90034D8D2D47C4DC000FBB4E /* Gonrop */;
			targetProxy = 90034DA92D47C4DE000FBB4E /* PBXContainerItemProxy */;
		};
/* End PBXTargetDependency section */

/* Begin XCBuildConfiguration section */
		90034DB02D47C4DE000FBB4E /* Debug */ = {
			isa = XCBuildConfiguration;
			buildSettings = {
				ALWAYS_SEARCH_USER_PATHS = NO;
				ASSETCATALOG_COMPILER_GENERATE_SWIFT_ASSET_SYMBOL_EXTENSIONS = YES;
				CLANG_ANALYZER_NONNULL = YES;
				CLANG_ANALYZER_NUMBER_OBJECT_CONVERSION = YES_AGGRESSIVE;
				CLANG_CXX_LANGUAGE_STANDARD = "gnu++20";
				CLANG_ENABLE_MODULES = YES;
				CLANG_ENABLE_OBJC_ARC = YES;
				CLANG_ENABLE_OBJC_WEAK = YES;
				CLANG_WARN_BLOCK_CAPTURE_AUTORELEASING = YES;
				CLANG_WARN_BOOL_CONVERSION = YES;
				CLANG_WARN_COMMA = YES;
				CLANG_WARN_CONSTANT_CONVERSION = YES;
				CLANG_WARN_DEPRECATED_OBJC_IMPLEMENTATIONS = YES;
				CLANG_WARN_DIRECT_OBJC_ISA_USAGE = YES_ERROR;
				CLANG_WARN_DOCUMENTATION_COMMENTS = YES;
				CLANG_WARN_EMPTY_BODY = YES;
				CLANG_WARN_ENUM_CONVERSION = YES;
				CLANG_WARN_INFINITE_RECURSION = YES;
				CLANG_WARN_INT_CONVERSION = YES;
				CLANG_WARN_NON_LITERAL_NULL_CONVERSION = YES;
				CLANG_WARN_OBJC_IMPLICIT_RETAIN_SELF = YES;
				CLANG_WARN_OBJC_LITERAL_CONVERSION = YES;
				CLANG_WARN_OBJC_ROOT_CLASS = YES_ERROR;
				CLANG_WARN_QUOTED_INCLUDE_IN_FRAMEWORK_HEADER = YES;
				CLANG_WARN_RANGE_LOOP_ANALYSIS = YES;
				CLANG_WARN_STRICT_PROTOTYPES = YES;
				CLANG_WARN_SUSPICIOUS_MOVE = YES;
				CLANG_WARN_UNGUARDED_AVAILABILITY = YES_AGGRESSIVE;
				CLANG_WARN_UNREACHABLE_CODE = YES;
				CLANG_WARN__DUPLICATE_METHOD_MATCH = YES;
				COPY_PHASE_STRIP = NO;
				DEBUG_INFORMATION_FORMAT = dwarf;
				ENABLE_STRICT_OBJC_MSGSEND = YES;
				ENABLE_TESTABILITY = YES;
				ENABLE_USER_SCRIPT_SANDBOXING = YES;
				GCC_C_LANGUAGE_STANDARD = gnu17;
				GCC_DYNAMIC_NO_PIC = NO;
				GCC_NO_COMMON_BLOCKS = YES;
				GCC_OPTIMIZATION_LEVEL = 0;
				GCC_PREPROCESSOR_DEFINITIONS = (
					"DEBUG=1",
					"$(inherited)",
				);
				GCC_WARN_64_TO_32_BIT_CONVERSION = YES;
				GCC_WARN_ABOUT_RETURN_TYPE = YES_ERROR;
				GCC_WARN_UNDECLARED_SELECTOR = YES;
				GCC_WARN_UNINITIALIZED_AUTOS = YES_AGGRESSIVE;
				GCC_WARN_UNUSED_FUNCTION = YES;
				GCC_WARN_UNUSED_VARIABLE = YES;
				IPHONEOS_DEPLOYMENT_TARGET = 18.2;
				LOCALIZATION_PREFERS_STRING_CATALOGS = YES;
				MTL_ENABLE_DEBUG_INFO = INCLUDE_SOURCE;
				MTL_FAST_MATH = YES;
				ONLY_ACTIVE_ARCH = YES;
				SDKROOT = iphoneos;
				SWIFT_ACTIVE_COMPILATION_CONDITIONS = "DEBUG $(inherited)";
				SWIFT_OPTIMIZATION_LEVEL = "-Onone";
			};
			name = Debug;
		};
		90034DB12D47C4DE000FBB4E /* Release */ = {
			isa = XCBuildConfiguration;
			buildSettings = {
				ALWAYS_SEARCH_USER_PATHS = NO;
				ASSETCATALOG_COMPILER_GENERATE_SWIFT_ASSET_SYMBOL_EXTENSIONS = YES;
				CLANG_ANALYZER_NONNULL = YES;
				CLANG_ANALYZER_NUMBER_OBJECT_CONVERSION = YES_AGGRESSIVE;
				CLANG_CXX_LANGUAGE_STANDARD = "gnu++20";
				CLANG_ENABLE_MODULES = YES;
				CLANG_ENABLE_OBJC_ARC = YES;
				CLANG_ENABLE_OBJC_WEAK = YES;
				CLANG_WARN_BLOCK_CAPTURE_AUTORELEASING = YES;
				CLANG_WARN_BOOL_CONVERSION = YES;
				CLANG_WARN_COMMA = YES;
				CLANG_WARN_CONSTANT_CONVERSION = YES;
				CLANG_WARN_DEPRECATED_OBJC_IMPLEMENTATIONS = YES;
				CLANG_WARN_DIRECT_OBJC_ISA_USAGE = YES_ERROR;
				CLANG_WARN_DOCUMENTATION_COMMENTS = YES;
				CLANG_WARN_EMPTY_BODY = YES;
				CLANG_WARN_ENUM_CONVERSION = YES;
				CLANG_WARN_INFINITE_RECURSION = YES;
				CLANG_WARN_INT_CONVERSION = YES;
				CLANG_WARN_NON_LITERAL_NULL_CONVERSION = YES;
				CLANG_WARN_OBJC_IMPLICIT_RETAIN_SELF = YES;
				CLANG_WARN_OBJC_LITERAL_CONVERSION = YES;
				CLANG_WARN_OBJC_ROOT_CLASS = YES_ERROR;
				CLANG_WARN_QUOTED_INCLUDE_IN_FRAMEWORK_HEADER = YES;
				CLANG_WARN_RANGE_LOOP_ANALYSIS = YES;
				CLANG_WARN_STRICT_PROTOTYPES = YES;
				CLANG_WARN_SUSPICIOUS_MOVE = YES;
				CLANG_WARN_UNGUARDED_AVAILABILITY = YES_AGGRESSIVE;
				CLANG_WARN_UNREACHABLE_CODE = YES;
				CLANG_WARN__DUPLICATE_METHOD_MATCH = YES;
				COPY_PHASE_STRIP = NO;
				DEBUG_INFORMATION_FORMAT = "dwarf-with-dsym";
				ENABLE_NS_ASSERTIONS = NO;
				ENABLE_STRICT_OBJC_MSGSEND = YES;
				ENABLE_USER_SCRIPT_SANDBOXING = YES;
				GCC_C_LANGUAGE_STANDARD = gnu17;
				GCC_NO_COMMON_BLOCKS = YES;
				GCC_WARN_64_TO_32_BIT_CONVERSION = YES;
				GCC_WARN_ABOUT_RETURN_TYPE = YES_ERROR;
				GCC_WARN_UNDECLARED_SELECTOR = YES;
				GCC_WARN_UNINITIALIZED_AUTOS = YES_AGGRESSIVE;
				GCC_WARN_UNUSED_FUNCTION = YES;
				GCC_WARN_UNUSED_VARIABLE = YES;
				IPHONEOS_DEPLOYMENT_TARGET = 18.2;
				LOCALIZATION_PREFERS_STRING_CATALOGS = YES;
				MTL_ENABLE_DEBUG_INFO = NO;
				MTL_FAST_MATH = YES;
				SDKROOT = iphoneos;
				SWIFT_COMPILATION_MODE = wholemodule;
				VALIDATE_PRODUCT = YES;
			};
			name = Release;
		};
		90034DB32D47C4DE000FBB4E /* Debug */ = {
			isa = XCBuildConfiguration;
			buildSettings = {
				ASSETCATALOG_COMPILER_APPICON_NAME = AppIcon;
				ASSETCATALOG_COMPILER_GLOBAL_ACCENT_COLOR_NAME = AccentColor;
				CODE_SIGN_STYLE = Automatic;
				CURRENT_PROJECT_VERSION = 1;
				DEVELOPMENT_ASSET_PATHS = "\"Gonrop/Preview Content\"";
				DEVELOPMENT_TEAM = Q6Q85HX67J;
				ENABLE_PREVIEWS = YES;
				GENERATE_INFOPLIST_FILE = YES;
				INFOPLIST_KEY_CFBundleDisplayName = Gonrop;
				INFOPLIST_KEY_UIApplicationSceneManifest_Generation = YES;
				INFOPLIST_KEY_UIApplicationSupportsIndirectInputEvents = YES;
				INFOPLIST_KEY_UILaunchScreen_Generation = YES;
				INFOPLIST_KEY_UIStatusBarHidden = YES;
				INFOPLIST_KEY_UISupportedInterfaceOrientations = "UIInterfaceOrientationLandscapeLeft UIInterfaceOrientationLandscapeRight UIInterfaceOrientationPortrait";
				INFOPLIST_KEY_UISupportedInterfaceOrientations_iPad = "UIInterfaceOrientationLandscapeLeft UIInterfaceOrientationLandscapeRight UIInterfaceOrientationPortraitUpsideDown";
				LD_RUNPATH_SEARCH_PATHS = (
					"$(inherited)",
					"@executable_path/Frameworks",
				);
				MARKETING_VERSION = 1.0;
				PRODUCT_BUNDLE_IDENTIFIER = com.greentbc.Gonrop;
				PRODUCT_NAME = "$(TARGET_NAME)";
				REGISTER_APP_GROUPS = NO;
				SUPPORTED_PLATFORMS = "appletvos appletvsimulator iphoneos iphonesimulator macosx";
				SUPPORTS_MACCATALYST = NO;
				SUPPORTS_MAC_DESIGNED_FOR_IPHONE_IPAD = NO;
				SWIFT_EMIT_LOC_STRINGS = YES;
				SWIFT_VERSION = 5.0;
				TARGETED_DEVICE_FAMILY = "2,3";
			};
			name = Debug;
		};
		90034DB42D47C4DE000FBB4E /* Release */ = {
			isa = XCBuildConfiguration;
			buildSettings = {
				ASSETCATALOG_COMPILER_APPICON_NAME = AppIcon;
				ASSETCATALOG_COMPILER_GLOBAL_ACCENT_COLOR_NAME = AccentColor;
				CODE_SIGN_STYLE = Automatic;
				CURRENT_PROJECT_VERSION = 1;
				DEVELOPMENT_ASSET_PATHS = "\"Gonrop/Preview Content\"";
				DEVELOPMENT_TEAM = Q6Q85HX67J;
				ENABLE_PREVIEWS = YES;
				GENERATE_INFOPLIST_FILE = YES;
				INFOPLIST_KEY_CFBundleDisplayName = Gonrop;
				INFOPLIST_KEY_UIApplicationSceneManifest_Generation = YES;
				INFOPLIST_KEY_UIApplicationSupportsIndirectInputEvents = YES;
				INFOPLIST_KEY_UILaunchScreen_Generation = YES;
				INFOPLIST_KEY_UIStatusBarHidden = YES;
				INFOPLIST_KEY_UISupportedInterfaceOrientations = "UIInterfaceOrientationLandscapeLeft UIInterfaceOrientationLandscapeRight UIInterfaceOrientationPortrait";
				INFOPLIST_KEY_UISupportedInterfaceOrientations_iPad = "UIInterfaceOrientationLandscapeLeft UIInterfaceOrientationLandscapeRight UIInterfaceOrientationPortraitUpsideDown";
				LD_RUNPATH_SEARCH_PATHS = (
					"$(inherited)",
					"@executable_path/Frameworks",
				);
				MARKETING_VERSION = 1.0;
				PRODUCT_BUNDLE_IDENTIFIER = com.greentbc.Gonrop;
				PRODUCT_NAME = "$(TARGET_NAME)";
				REGISTER_APP_GROUPS = NO;
				SUPPORTED_PLATFORMS = "appletvos appletvsimulator iphoneos iphonesimulator macosx";
				SUPPORTS_MACCATALYST = NO;
				SUPPORTS_MAC_DESIGNED_FOR_IPHONE_IPAD = NO;
				SWIFT_EMIT_LOC_STRINGS = YES;
				SWIFT_VERSION = 5.0;
				TARGETED_DEVICE_FAMILY = "2,3";
			};
			name = Release;
		};
		90034DB62D47C4DE000FBB4E /* Debug */ = {
			isa = XCBuildConfiguration;
			buildSettings = {
				BUNDLE_LOADER = "$(TEST_HOST)";
				CODE_SIGN_STYLE = Automatic;
				CURRENT_PROJECT_VERSION = 1;
				DEVELOPMENT_TEAM = Q6Q85HX67J;
				GENERATE_INFOPLIST_FILE = YES;
				IPHONEOS_DEPLOYMENT_TARGET = 18.2;
				MARKETING_VERSION = 1.0;
				PRODUCT_BUNDLE_IDENTIFIER = com.greentbc.GonropTests;
				PRODUCT_NAME = "$(TARGET_NAME)";
				SWIFT_EMIT_LOC_STRINGS = NO;
				SWIFT_VERSION = 5.0;
				TARGETED_DEVICE_FAMILY = "1,2";
				TEST_HOST = "$(BUILT_PRODUCTS_DIR)/Gonrop.app/$(BUNDLE_EXECUTABLE_FOLDER_PATH)/Gonrop";
			};
			name = Debug;
		};
		90034DB72D47C4DE000FBB4E /* Release */ = {
			isa = XCBuildConfiguration;
			buildSettings = {
				BUNDLE_LOADER = "$(TEST_HOST)";
				CODE_SIGN_STYLE = Automatic;
				CURRENT_PROJECT_VERSION = 1;
				DEVELOPMENT_TEAM = Q6Q85HX67J;
				GENERATE_INFOPLIST_FILE = YES;
				IPHONEOS_DEPLOYMENT_TARGET = 18.2;
				MARKETING_VERSION = 1.0;
				PRODUCT_BUNDLE_IDENTIFIER = com.greentbc.GonropTests;
				PRODUCT_NAME = "$(TARGET_NAME)";
				SWIFT_EMIT_LOC_STRINGS = NO;
				SWIFT_VERSION = 5.0;
				TARGETED_DEVICE_FAMILY = "1,2";
				TEST_HOST = "$(BUILT_PRODUCTS_DIR)/Gonrop.app/$(BUNDLE_EXECUTABLE_FOLDER_PATH)/Gonrop";
			};
			name = Release;
		};
		90034DB92D47C4DE000FBB4E /* Debug */ = {
			isa = XCBuildConfiguration;
			buildSettings = {
				CODE_SIGN_STYLE = Automatic;
				CURRENT_PROJECT_VERSION = 1;
				DEVELOPMENT_TEAM = Q6Q85HX67J;
				GENERATE_INFOPLIST_FILE = YES;
				MARKETING_VERSION = 1.0;
				PRODUCT_BUNDLE_IDENTIFIER = com.greentbc.GonropUITests;
				PRODUCT_NAME = "$(TARGET_NAME)";
				SWIFT_EMIT_LOC_STRINGS = NO;
				SWIFT_VERSION = 5.0;
				TARGETED_DEVICE_FAMILY = "1,2";
				TEST_TARGET_NAME = Gonrop;
			};
			name = Debug;
		};
		90034DBA2D47C4DE000FBB4E /* Release */ = {
			isa = XCBuildConfiguration;
			buildSettings = {
				CODE_SIGN_STYLE = Automatic;
				CURRENT_PROJECT_VERSION = 1;
				DEVELOPMENT_TEAM = Q6Q85HX67J;
				GENERATE_INFOPLIST_FILE = YES;
				MARKETING_VERSION = 1.0;
				PRODUCT_BUNDLE_IDENTIFIER = com.greentbc.GonropUITests;
				PRODUCT_NAME = "$(TARGET_NAME)";
				SWIFT_EMIT_LOC_STRINGS = NO;
				SWIFT_VERSION = 5.0;
				TARGETED_DEVICE_FAMILY = "1,2";
				TEST_TARGET_NAME = Gonrop;
			};
			name = Release;
		};
/* End XCBuildConfiguration section */

/* Begin XCConfigurationList section */
		90034D892D47C4DC000FBB4E /* Build configuration list for PBXProject "Gonrop" */ = {
			isa = XCConfigurationList;
			buildConfigurations = (
				90034DB02D47C4DE000FBB4E /* Debug */,
				90034DB12D47C4DE000FBB4E /* Release */,
			);
			defaultConfigurationIsVisible = 0;
			defaultConfigurationName = Release;
		};
		90034DB22D47C4DE000FBB4E /* Build configuration list for PBXNativeTarget "Gonrop" */ = {
			isa = XCConfigurationList;
			buildConfigurations = (
				90034DB32D47C4DE000FBB4E /* Debug */,
				90034DB42D47C4DE000FBB4E /* Release */,
			);
			defaultConfigurationIsVisible = 0;
			defaultConfigurationName = Release;
		};
		90034DB52D47C4DE000FBB4E /* Build configuration list for PBXNativeTarget "GonropTests" */ = {
			isa = XCConfigurationList;
			buildConfigurations = (
				90034DB62D47C4DE000FBB4E /* Debug */,
				90034DB72D47C4DE000FBB4E /* Release */,
			);
			defaultConfigurationIsVisible = 0;
			defaultConfigurationName = Release;
		};
		90034DB82D47C4DE000FBB4E /* Build configuration list for PBXNativeTarget "GonropUITests" */ = {
			isa = XCConfigurationList;
			buildConfigurations = (
				90034DB92D47C4DE000FBB4E /* Debug */,
				90034DBA2D47C4DE000FBB4E /* Release */,
			);
			defaultConfigurationIsVisible = 0;
			defaultConfigurationName = Release;
		};
/* End XCConfigurationList section */
	};
	rootObject = 90034D862D47C4DC000FBB4E /* Project object */;
}
